# This file was autogenerated by Stack.
# You should not edit this file by hand.
# For more information, please see the documentation at:
#   https://docs.haskellstack.org/en/stable/lock_files

packages:
- completed:
    name: proto3-wire
    pantry-tree:
      sha256: 2a9f52ebbba545c86af905dd0e0aa18435cce9b1fa662765b91c6c71fc3c2fea
      size: 2524
    sha256: 1d9853d782a57b71f007450fb73007ab9c79bb5057abb56c20b9bd261f598fe2
    size: 53571
    url: https://github.com/awakesecurity/proto3-wire/archive/6fdf0eb93b2028ade0e3e011ce8429c94546839e.tar.gz
    version: 1.4.4
  original:
    url: https://github.com/awakesecurity/proto3-wire/archive/6fdf0eb93b2028ade0e3e011ce8429c94546839e.tar.gz
snapshots:
- completed:
    sha256: 4a200d54cdf4e8af189ffe64c0618cba44f1a2b9d42ed88b62d575ab93a041ea
    size: 629580
    url: https://raw.githubusercontent.com/commercialhaskell/stackage-snapshots/master/nightly/2025/1/16.yaml
  original: nightly-2025-01-16
