# This file was autogenerated by Stack.
# You should not edit this file by hand.
# For more information, please see the documentation at:
#   https://docs.haskellstack.org/en/stable/lock_files

packages:
- completed:
    name: proto3-wire
    pantry-tree:
      sha256: fb014dc4be245b77a8f0cec3729164f213954a207b21a4dfe51bf1f96d26747f
      size: 1608
    sha256: 9a76c581dab0709560c5e6cd824b2c95be98cea76f8380f11f64974b399dc650
    size: 48185
    url: https://github.com/awakesecurity/proto3-wire/archive/8096a1e19431af603655e5c1f2488b5db907836c.tar.gz
    version: 1.4.1
  original:
    url: https://github.com/awakesecurity/proto3-wire/archive/8096a1e19431af603655e5c1f2488b5db907836c.tar.gz
snapshots:
- completed:
    sha256: c632012da648385b9fa3c29f4e0afd56ead299f1c5528ee789058be410e883c0
    size: 585393
    url: https://raw.githubusercontent.com/commercialhaskell/stackage-snapshots/master/lts/18/0.yaml
  original:
    url: https://raw.githubusercontent.com/commercialhaskell/stackage-snapshots/master/lts/18/0.yaml
